
Microsoft Visual Studio Solution File, Format Version 12.00
# Visual Studio Version 16
VisualStudioVersion = 16.0.32002.261
MinimumVisualStudioVersion = 10.0.40219.1
Project("{FAE04EC0-301F-11D3-BF4B-00C04F79EFBC}") = "Modelo1", "Modelo1\Modelo1.csproj", "{44A4BC54-D619-4399-A57B-013B8DB04A17}"
EndProject
Project("{FAE04EC0-301F-11D3-BF4B-00C04F79EFBC}") = "ModeloDB", "ModeloDB\ModeloDB.csproj", "{9FFA0CAC-B92A-4414-BBE8-71203567943F}"
EndProject
Project("{FAE04EC0-301F-11D3-BF4B-00C04F79EFBC}") = "Consola", "Consola\Consola.csproj", "{DCD10573-4DDD-4362-951C-18B8D49CB41D}"
EndProject
Global
	GlobalSection(SolutionConfigurationPlatforms) = preSolution
		Debug|Any CPU = Debug|Any CPU
		Release|Any CPU = Release|Any CPU
	EndGlobalSection
	GlobalSection(ProjectConfigurationPlatforms) = postSolution
		{44A4BC54-D619-4399-A57B-013B8DB04A17}.Debug|Any CPU.ActiveCfg = Debug|Any CPU
		{44A4BC54-D619-4399-A57B-013B8DB04A17}.Debug|Any CPU.Build.0 = Debug|Any CPU
		{44A4BC54-D619-4399-A57B-013B8DB04A17}.Release|Any CPU.ActiveCfg = Release|Any CPU
		{44A4BC54-D619-4399-A57B-013B8DB04A17}.Release|Any CPU.Build.0 = Release|Any CPU
		{9FFA0CAC-B92A-4414-BBE8-71203567943F}.Debug|Any CPU.ActiveCfg = Debug|Any CPU
		{9FFA0CAC-B92A-4414-BBE8-71203567943F}.Debug|Any CPU.Build.0 = Debug|Any CPU
		{9FFA0CAC-B92A-4414-BBE8-71203567943F}.Release|Any CPU.ActiveCfg = Release|Any CPU
		{9FFA0CAC-B92A-4414-BBE8-71203567943F}.Release|Any CPU.Build.0 = Release|Any CPU
		{DCD10573-4DDD-4362-951C-18B8D49CB41D}.Debug|Any CPU.ActiveCfg = Debug|Any CPU
		{DCD10573-4DDD-4362-951C-18B8D49CB41D}.Debug|Any CPU.Build.0 = Debug|Any CPU
		{DCD10573-4DDD-4362-951C-18B8D49CB41D}.Release|Any CPU.ActiveCfg = Release|Any CPU
		{DCD10573-4DDD-4362-951C-18B8D49CB41D}.Release|Any CPU.Build.0 = Release|Any CPU
	EndGlobalSection
	GlobalSection(SolutionProperties) = preSolution
		HideSolutionNode = FALSE
	EndGlobalSection
	GlobalSection(ExtensibilityGlobals) = postSolution
		SolutionGuid = {DCEBB61C-7D0F-4A5A-B9EE-8AB1C5FF8220}
	EndGlobalSection
EndGlobal
